// !$*UTF8*$!
{
	archiveVersion = 1;
	classes = {
	};
	objectVersion = 46;
	objects = {

/* Begin PBXBuildFile section */
		B5061A3A1815A9B00083AB4B /* NLCaresWrap.m in Sources */ = {isa = PBXBuildFile; fileRef = B5061A391815A9B00083AB4B /* NLCaresWrap.m */; };
		B516C39C18947E2200CC17D4 /* nativemodule.js in Resources */ = {isa = PBXBuildFile; fileRef = B516C39B18947E1400CC17D4 /* nativemodule.js */; };
		B52B8143186075CD003B40D9 /* fs-poll.c in Sources */ = {isa = PBXBuildFile; fileRef = B52B8117186075CD003B40D9 /* fs-poll.c */; };
		B52B8144186075CD003B40D9 /* inet.c in Sources */ = {isa = PBXBuildFile; fileRef = B52B8118186075CD003B40D9 /* inet.c */; };
		B52B8146186075CD003B40D9 /* async.c in Sources */ = {isa = PBXBuildFile; fileRef = B52B811C186075CD003B40D9 /* async.c */; };
		B52B8147186075CD003B40D9 /* core.c in Sources */ = {isa = PBXBuildFile; fileRef = B52B811E186075CD003B40D9 /* core.c */; };
		B52B8148186075CD003B40D9 /* darwin-proctitle.c in Sources */ = {isa = PBXBuildFile; fileRef = B52B811F186075CD003B40D9 /* darwin-proctitle.c */; };
		B52B8149186075CD003B40D9 /* darwin.c in Sources */ = {isa = PBXBuildFile; fileRef = B52B8120186075CD003B40D9 /* darwin.c */; };
		B52B814A186075CD003B40D9 /* dl.c in Sources */ = {isa = PBXBuildFile; fileRef = B52B8121186075CD003B40D9 /* dl.c */; };
		B52B814C186075CD003B40D9 /* fs.c in Sources */ = {isa = PBXBuildFile; fileRef = B52B8123186075CD003B40D9 /* fs.c */; };
		B52B814D186075CD003B40D9 /* fsevents.c in Sources */ = {isa = PBXBuildFile; fileRef = B52B8124186075CD003B40D9 /* fsevents.c */; };
		B52B814E186075CD003B40D9 /* getaddrinfo.c in Sources */ = {isa = PBXBuildFile; fileRef = B52B8125186075CD003B40D9 /* getaddrinfo.c */; };
		B52B814F186075CD003B40D9 /* kqueue.c in Sources */ = {isa = PBXBuildFile; fileRef = B52B8127186075CD003B40D9 /* kqueue.c */; };
		B52B8153186075CD003B40D9 /* loop-watcher.c in Sources */ = {isa = PBXBuildFile; fileRef = B52B812C186075CD003B40D9 /* loop-watcher.c */; };
		B52B8154186075CD003B40D9 /* loop.c in Sources */ = {isa = PBXBuildFile; fileRef = B52B812D186075CD003B40D9 /* loop.c */; };
		B52B8157186075CD003B40D9 /* pipe.c in Sources */ = {isa = PBXBuildFile; fileRef = B52B8130186075CD003B40D9 /* pipe.c */; };
		B52B8158186075CD003B40D9 /* poll.c in Sources */ = {isa = PBXBuildFile; fileRef = B52B8131186075CD003B40D9 /* poll.c */; };
		B52B8159186075CD003B40D9 /* process.c in Sources */ = {isa = PBXBuildFile; fileRef = B52B8132186075CD003B40D9 /* process.c */; };
		B52B815A186075CD003B40D9 /* proctitle.c in Sources */ = {isa = PBXBuildFile; fileRef = B52B8133186075CD003B40D9 /* proctitle.c */; };
		B52B815C186075CD003B40D9 /* signal.c in Sources */ = {isa = PBXBuildFile; fileRef = B52B8135186075CD003B40D9 /* signal.c */; };
		B52B815D186075CD003B40D9 /* stream.c in Sources */ = {isa = PBXBuildFile; fileRef = B52B8137186075CD003B40D9 /* stream.c */; };
		B52B815F186075CD003B40D9 /* tcp.c in Sources */ = {isa = PBXBuildFile; fileRef = B52B8139186075CD003B40D9 /* tcp.c */; };
		B52B8160186075CD003B40D9 /* thread.c in Sources */ = {isa = PBXBuildFile; fileRef = B52B813A186075CD003B40D9 /* thread.c */; };
		B52B8161186075CD003B40D9 /* threadpool.c in Sources */ = {isa = PBXBuildFile; fileRef = B52B813B186075CD003B40D9 /* threadpool.c */; };
		B52B8162186075CD003B40D9 /* timer.c in Sources */ = {isa = PBXBuildFile; fileRef = B52B813C186075CD003B40D9 /* timer.c */; };
		B52B8163186075CD003B40D9 /* tty.c in Sources */ = {isa = PBXBuildFile; fileRef = B52B813D186075CD003B40D9 /* tty.c */; };
		B52B8164186075CD003B40D9 /* udp.c in Sources */ = {isa = PBXBuildFile; fileRef = B52B813E186075CD003B40D9 /* udp.c */; };
		B52B8166186075CD003B40D9 /* uv-common.c in Sources */ = {isa = PBXBuildFile; fileRef = B52B8140186075CD003B40D9 /* uv-common.c */; };
		B52B8167186075CD003B40D9 /* version.c in Sources */ = {isa = PBXBuildFile; fileRef = B52B8142186075CD003B40D9 /* version.c */; };
		B53E6998184672F3004E4EF9 /* NLStream.m in Sources */ = {isa = PBXBuildFile; fileRef = B53E6997184672F3004E4EF9 /* NLStream.m */; };
		B5417311189415C000B6636B /* NLUDP.m in Sources */ = {isa = PBXBuildFile; fileRef = B5417310189415C000B6636B /* NLUDP.m */; };
		B54173181894341600B6636B /* XCTest.framework in Frameworks */ = {isa = PBXBuildFile; fileRef = B54173171894341600B6636B /* XCTest.framework */; };
		B54173191894341600B6636B /* Foundation.framework in Frameworks */ = {isa = PBXBuildFile; fileRef = B5B44642180AB78E009ADEF9 /* Foundation.framework */; };
		B541731B1894341600B6636B /* UIKit.framework in Frameworks */ = {isa = PBXBuildFile; fileRef = B541731A1894341600B6636B /* UIKit.framework */; };
		B54173211894341600B6636B /* InfoPlist.strings in Resources */ = {isa = PBXBuildFile; fileRef = B541731F1894341600B6636B /* InfoPlist.strings */; };
		B541732B1894362000B6636B /* NLTimer_Tests.m in Sources */ = {isa = PBXBuildFile; fileRef = B541732A1894362000B6636B /* NLTimer_Tests.m */; };
		B541732C189436B700B6636B /* libNodelike.a in Frameworks */ = {isa = PBXBuildFile; fileRef = B59EA08E180CB587005BF5C1 /* libNodelike.a */; };
		B541735F189438DC00B6636B /* _debugger.js in Resources */ = {isa = PBXBuildFile; fileRef = B541732E189438CC00B6636B /* _debugger.js */; };
		B5417360189438DC00B6636B /* _http_agent.js in Resources */ = {isa = PBXBuildFile; fileRef = B541732F189438CC00B6636B /* _http_agent.js */; };
		B5417361189438DC00B6636B /* _http_client.js in Resources */ = {isa = PBXBuildFile; fileRef = B5417330189438CC00B6636B /* _http_client.js */; };
		B5417362189438DC00B6636B /* _http_common.js in Resources */ = {isa = PBXBuildFile; fileRef = B5417331189438CC00B6636B /* _http_common.js */; };
		B5417363189438DC00B6636B /* _http_incoming.js in Resources */ = {isa = PBXBuildFile; fileRef = B5417332189438CC00B6636B /* _http_incoming.js */; };
		B5417364189438DC00B6636B /* _http_outgoing.js in Resources */ = {isa = PBXBuildFile; fileRef = B5417333189438CC00B6636B /* _http_outgoing.js */; };
		B5417365189438DC00B6636B /* _http_server.js in Resources */ = {isa = PBXBuildFile; fileRef = B5417334189438CC00B6636B /* _http_server.js */; };
		B5417366189438DC00B6636B /* _linklist.js in Resources */ = {isa = PBXBuildFile; fileRef = B5417335189438CC00B6636B /* _linklist.js */; };
		B5417367189438DC00B6636B /* _stream_duplex.js in Resources */ = {isa = PBXBuildFile; fileRef = B5417336189438CC00B6636B /* _stream_duplex.js */; };
		B5417368189438DC00B6636B /* _stream_passthrough.js in Resources */ = {isa = PBXBuildFile; fileRef = B5417337189438CC00B6636B /* _stream_passthrough.js */; };
		B5417369189438DC00B6636B /* _stream_readable.js in Resources */ = {isa = PBXBuildFile; fileRef = B5417338189438CC00B6636B /* _stream_readable.js */; };
		B541736A189438DC00B6636B /* _stream_transform.js in Resources */ = {isa = PBXBuildFile; fileRef = B5417339189438CC00B6636B /* _stream_transform.js */; };
		B541736B189438DC00B6636B /* _stream_writable.js in Resources */ = {isa = PBXBuildFile; fileRef = B541733A189438CC00B6636B /* _stream_writable.js */; };
		B541736C189438DC00B6636B /* _tls_legacy.js in Resources */ = {isa = PBXBuildFile; fileRef = B541733B189438CC00B6636B /* _tls_legacy.js */; };
		B541736D189438DC00B6636B /* _tls_wrap.js in Resources */ = {isa = PBXBuildFile; fileRef = B541733C189438CC00B6636B /* _tls_wrap.js */; };
		B541736E189438DC00B6636B /* assert.js in Resources */ = {isa = PBXBuildFile; fileRef = B541733D189438CC00B6636B /* assert.js */; };
		B541736F189438DC00B6636B /* buffer.js in Resources */ = {isa = PBXBuildFile; fileRef = B541733E189438CC00B6636B /* buffer.js */; };
		B5417370189438DC00B6636B /* child_process.js in Resources */ = {isa = PBXBuildFile; fileRef = B541733F189438CC00B6636B /* child_process.js */; };
		B5417371189438DC00B6636B /* cluster.js in Resources */ = {isa = PBXBuildFile; fileRef = B5417340189438CC00B6636B /* cluster.js */; };
		B5417372189438DC00B6636B /* console.js in Resources */ = {isa = PBXBuildFile; fileRef = B5417341189438CC00B6636B /* console.js */; };
		B5417373189438DC00B6636B /* constants.js in Resources */ = {isa = PBXBuildFile; fileRef = B5417342189438CC00B6636B /* constants.js */; };
		B5417374189438DC00B6636B /* crypto.js in Resources */ = {isa = PBXBuildFile; fileRef = B5417343189438CC00B6636B /* crypto.js */; };
		B5417375189438DC00B6636B /* dgram.js in Resources */ = {isa = PBXBuildFile; fileRef = B5417344189438CC00B6636B /* dgram.js */; };
		B5417376189438DC00B6636B /* dns.js in Resources */ = {isa = PBXBuildFile; fileRef = B5417345189438CC00B6636B /* dns.js */; };
		B5417377189438DC00B6636B /* domain.js in Resources */ = {isa = PBXBuildFile; fileRef = B5417346189438CC00B6636B /* domain.js */; };
		B5417378189438DC00B6636B /* events.js in Resources */ = {isa = PBXBuildFile; fileRef = B5417347189438CC00B6636B /* events.js */; };
		B5417379189438DC00B6636B /* freelist.js in Resources */ = {isa = PBXBuildFile; fileRef = B5417348189438CC00B6636B /* freelist.js */; };
		B541737A189438DC00B6636B /* fs.js in Resources */ = {isa = PBXBuildFile; fileRef = B5417349189438CC00B6636B /* fs.js */; };
		B541737B189438DC00B6636B /* http.js in Resources */ = {isa = PBXBuildFile; fileRef = B541734A189438CC00B6636B /* http.js */; };
		B541737C189438DC00B6636B /* https.js in Resources */ = {isa = PBXBuildFile; fileRef = B541734B189438CC00B6636B /* https.js */; };
		B541737D189438DC00B6636B /* module.js in Resources */ = {isa = PBXBuildFile; fileRef = B541734C189438CC00B6636B /* module.js */; };
		B541737E189438DC00B6636B /* net.js in Resources */ = {isa = PBXBuildFile; fileRef = B541734D189438CC00B6636B /* net.js */; };
		B541737F189438DC00B6636B /* os.js in Resources */ = {isa = PBXBuildFile; fileRef = B541734E189438CC00B6636B /* os.js */; };
		B5417380189438DC00B6636B /* path.js in Resources */ = {isa = PBXBuildFile; fileRef = B541734F189438CC00B6636B /* path.js */; };
		B5417381189438DC00B6636B /* punycode.js in Resources */ = {isa = PBXBuildFile; fileRef = B5417350189438CC00B6636B /* punycode.js */; };
		B5417382189438DC00B6636B /* querystring.js in Resources */ = {isa = PBXBuildFile; fileRef = B5417351189438CC00B6636B /* querystring.js */; };
		B5417383189438DC00B6636B /* readline.js in Resources */ = {isa = PBXBuildFile; fileRef = B5417352189438CC00B6636B /* readline.js */; };
		B5417384189438DC00B6636B /* repl.js in Resources */ = {isa = PBXBuildFile; fileRef = B5417353189438CC00B6636B /* repl.js */; };
		B5417385189438DC00B6636B /* smalloc.js in Resources */ = {isa = PBXBuildFile; fileRef = B5417354189438CC00B6636B /* smalloc.js */; };
		B5417386189438DC00B6636B /* stream.js in Resources */ = {isa = PBXBuildFile; fileRef = B5417355189438CC00B6636B /* stream.js */; };
		B5417387189438DC00B6636B /* string_decoder.js in Resources */ = {isa = PBXBuildFile; fileRef = B5417356189438CC00B6636B /* string_decoder.js */; };
		B5417388189438DC00B6636B /* sys.js in Resources */ = {isa = PBXBuildFile; fileRef = B5417357189438CC00B6636B /* sys.js */; };
		B5417389189438DC00B6636B /* timers.js in Resources */ = {isa = PBXBuildFile; fileRef = B5417358189438CC00B6636B /* timers.js */; };
		B541738A189438DC00B6636B /* tls.js in Resources */ = {isa = PBXBuildFile; fileRef = B5417359189438CC00B6636B /* tls.js */; };
		B541738B189438DC00B6636B /* tty.js in Resources */ = {isa = PBXBuildFile; fileRef = B541735A189438CC00B6636B /* tty.js */; };
		B541738C189438DC00B6636B /* url.js in Resources */ = {isa = PBXBuildFile; fileRef = B541735B189438CC00B6636B /* url.js */; };
		B541738D189438DC00B6636B /* util.js in Resources */ = {isa = PBXBuildFile; fileRef = B541735C189438CC00B6636B /* util.js */; };
		B541738E189438DC00B6636B /* vm.js in Resources */ = {isa = PBXBuildFile; fileRef = B541735D189438CC00B6636B /* vm.js */; };
		B541738F189438DC00B6636B /* zlib.js in Resources */ = {isa = PBXBuildFile; fileRef = B541735E189438CC00B6636B /* zlib.js */; };
		B54C1F53180D37280051F826 /* Foundation.framework in Frameworks */ = {isa = PBXBuildFile; fileRef = B5B44642180AB78E009ADEF9 /* Foundation.framework */; };
		B54C1F94180D37810051F826 /* libuv.a in Frameworks */ = {isa = PBXBuildFile; fileRef = B54C1F52180D37280051F826 /* libuv.a */; };
		B54C1F96180D37C80051F826 /* libm.dylib in Frameworks */ = {isa = PBXBuildFile; fileRef = B54C1F95180D37C80051F826 /* libm.dylib */; };
		B56DEFB6187DBFA700FF1D8A /* http_parser.c in Sources */ = {isa = PBXBuildFile; fileRef = B56DEFA8187DBFA700FF1D8A /* http_parser.c */; };
		B56DEFBE187DC18100FF1D8A /* NLHTTPParser.m in Sources */ = {isa = PBXBuildFile; fileRef = B56DEFBD187DC18100FF1D8A /* NLHTTPParser.m */; };
		B578842418944F2000EA1A81 /* NLBuffer.m in Sources */ = {isa = PBXBuildFile; fileRef = B578842318944F2000EA1A81 /* NLBuffer.m */; };
		B578842718945E9900EA1A81 /* NLNatives.m in Sources */ = {isa = PBXBuildFile; fileRef = B578842618945E9900EA1A81 /* NLNatives.m */; };
		B599FF2C185A7ED000057DD6 /* NLTCP.m in Sources */ = {isa = PBXBuildFile; fileRef = B599FF2B185A7ED000057DD6 /* NLTCP.m */; };
		B59E5F8B181EC45A0093A6FF /* NLUV.m in Sources */ = {isa = PBXBuildFile; fileRef = B59E5F8A181EC45A0093A6FF /* NLUV.m */; };
		B59E5F91181EE3590093A6FF /* NLHandle.m in Sources */ = {isa = PBXBuildFile; fileRef = B59E5F90181EE3590093A6FF /* NLHandle.m */; };
		B59E5F94181F07090093A6FF /* NLFS.m in Sources */ = {isa = PBXBuildFile; fileRef = B59E5F93181F07090093A6FF /* NLFS.m */; };
		B59E5F9A181F07270093A6FF /* NLContext.m in Sources */ = {isa = PBXBuildFile; fileRef = B59E5F99181F07270093A6FF /* NLContext.m */; };
		B59E5F9D181F07320093A6FF /* NLProcess.m in Sources */ = {isa = PBXBuildFile; fileRef = B59E5F9C181F07320093A6FF /* NLProcess.m */; };
		B59E5FA0181F073D0093A6FF /* NLBinding.m in Sources */ = {isa = PBXBuildFile; fileRef = B59E5F9F181F073D0093A6FF /* NLBinding.m */; };
		B59E5FA3181F07480093A6FF /* NLBindingConstants.m in Sources */ = {isa = PBXBuildFile; fileRef = B59E5FA2181F07480093A6FF /* NLBindingConstants.m */; };
		B59E5FA61820EF530093A6FF /* NLTimer.m in Sources */ = {isa = PBXBuildFile; fileRef = B59E5FA51820EF530093A6FF /* NLTimer.m */; };
		B59EA08F180CB587005BF5C1 /* Foundation.framework in Frameworks */ = {isa = PBXBuildFile; fileRef = B5B44642180AB78E009ADEF9 /* Foundation.framework */; };
		B59EA0BD180CB639005BF5C1 /* JavaScriptCore.framework in Frameworks */ = {isa = PBXBuildFile; fileRef = B59EA04F180CB38E005BF5C1 /* JavaScriptCore.framework */; };
		B5C5B249181319550091FDE8 /* NLBindingSmalloc.m in Sources */ = {isa = PBXBuildFile; fileRef = B5C5B248181319550091FDE8 /* NLBindingSmalloc.m */; };
/* End PBXBuildFile section */

/* Begin PBXContainerItemProxy section */
		B54173251894341600B6636B /* PBXContainerItemProxy */ = {
			isa = PBXContainerItemProxy;
			containerPortal = B5B44637180AB78E009ADEF9 /* Project object */;
			proxyType = 1;
			remoteGlobalIDString = B59EA08D180CB587005BF5C1;
			remoteInfo = Nodelike;
		};
		B54C1F92180D37790051F826 /* PBXContainerItemProxy */ = {
			isa = PBXContainerItemProxy;
			containerPortal = B5B44637180AB78E009ADEF9 /* Project object */;
			proxyType = 1;
			remoteGlobalIDString = B54C1F51180D37280051F826;
			remoteInfo = uv;
		};
/* End PBXContainerItemProxy section */

/* Begin PBXFileReference section */
		B5061A381815A9B00083AB4B /* NLCaresWrap.h */ = {isa = PBXFileReference; fileEncoding = 4; lastKnownFileType = sourcecode.c.h; path = NLCaresWrap.h; sourceTree = "<group>"; };
		B5061A391815A9B00083AB4B /* NLCaresWrap.m */ = {isa = PBXFileReference; fileEncoding = 4; lastKnownFileType = sourcecode.c.objc; path = NLCaresWrap.m; sourceTree = "<group>"; };
		B516C39B18947E1400CC17D4 /* nativemodule.js */ = {isa = PBXFileReference; lastKnownFileType = sourcecode.javascript; path = nativemodule.js; sourceTree = "<group>"; };
		B52B810D18607587003B40D9 /* tree.h */ = {isa = PBXFileReference; fileEncoding = 4; lastKnownFileType = sourcecode.c.h; name = tree.h; path = libuv/include/tree.h; sourceTree = SOURCE_ROOT; };
		B52B810E18607587003B40D9 /* uv-bsd.h */ = {isa = PBXFileReference; fileEncoding = 4; lastKnownFileType = sourcecode.c.h; name = "uv-bsd.h"; path = "libuv/include/uv-bsd.h"; sourceTree = SOURCE_ROOT; };
		B52B810F18607587003B40D9 /* uv-darwin.h */ = {isa = PBXFileReference; fileEncoding = 4; lastKnownFileType = sourcecode.c.h; name = "uv-darwin.h"; path = "libuv/include/uv-darwin.h"; sourceTree = SOURCE_ROOT; };
		B52B811018607587003B40D9 /* uv-errno.h */ = {isa = PBXFileReference; fileEncoding = 4; lastKnownFileType = sourcecode.c.h; name = "uv-errno.h"; path = "libuv/include/uv-errno.h"; sourceTree = SOURCE_ROOT; };
		B52B811118607587003B40D9 /* uv-linux.h */ = {isa = PBXFileReference; fileEncoding = 4; lastKnownFileType = sourcecode.c.h; name = "uv-linux.h"; path = "libuv/include/uv-linux.h"; sourceTree = SOURCE_ROOT; };
		B52B811218607587003B40D9 /* uv-sunos.h */ = {isa = PBXFileReference; fileEncoding = 4; lastKnownFileType = sourcecode.c.h; name = "uv-sunos.h"; path = "libuv/include/uv-sunos.h"; sourceTree = SOURCE_ROOT; };
		B52B811318607587003B40D9 /* uv-unix.h */ = {isa = PBXFileReference; fileEncoding = 4; lastKnownFileType = sourcecode.c.h; name = "uv-unix.h"; path = "libuv/include/uv-unix.h"; sourceTree = SOURCE_ROOT; };
		B52B811518607587003B40D9 /* uv.h */ = {isa = PBXFileReference; fileEncoding = 4; lastKnownFileType = sourcecode.c.h; name = uv.h; path = libuv/include/uv.h; sourceTree = SOURCE_ROOT; };
		B52B8117186075CD003B40D9 /* fs-poll.c */ = {isa = PBXFileReference; fileEncoding = 4; lastKnownFileType = sourcecode.c.c; name = "fs-poll.c"; path = "libuv/src/fs-poll.c"; sourceTree = SOURCE_ROOT; };
		B52B8118186075CD003B40D9 /* inet.c */ = {isa = PBXFileReference; fileEncoding = 4; lastKnownFileType = sourcecode.c.c; name = inet.c; path = libuv/src/inet.c; sourceTree = SOURCE_ROOT; };
		B52B8119186075CD003B40D9 /* queue.h */ = {isa = PBXFileReference; fileEncoding = 4; lastKnownFileType = sourcecode.c.h; name = queue.h; path = libuv/src/queue.h; sourceTree = SOURCE_ROOT; };
		B52B811C186075CD003B40D9 /* async.c */ = {isa = PBXFileReference; fileEncoding = 4; lastKnownFileType = sourcecode.c.c; path = async.c; sourceTree = "<group>"; };
		B52B811E186075CD003B40D9 /* core.c */ = {isa = PBXFileReference; fileEncoding = 4; lastKnownFileType = sourcecode.c.c; path = core.c; sourceTree = "<group>"; };
		B52B811F186075CD003B40D9 /* darwin-proctitle.c */ = {isa = PBXFileReference; fileEncoding = 4; lastKnownFileType = sourcecode.c.c; path = "darwin-proctitle.c"; sourceTree = "<group>"; };
		B52B8120186075CD003B40D9 /* darwin.c */ = {isa = PBXFileReference; fileEncoding = 4; lastKnownFileType = sourcecode.c.c; path = darwin.c; sourceTree = "<group>"; };
		B52B8121186075CD003B40D9 /* dl.c */ = {isa = PBXFileReference; fileEncoding = 4; lastKnownFileType = sourcecode.c.c; path = dl.c; sourceTree = "<group>"; };
		B52B8123186075CD003B40D9 /* fs.c */ = {isa = PBXFileReference; fileEncoding = 4; lastKnownFileType = sourcecode.c.c; path = fs.c; sourceTree = "<group>"; };
		B52B8124186075CD003B40D9 /* fsevents.c */ = {isa = PBXFileReference; fileEncoding = 4; lastKnownFileType = sourcecode.c.c; path = fsevents.c; sourceTree = "<group>"; };
		B52B8125186075CD003B40D9 /* getaddrinfo.c */ = {isa = PBXFileReference; fileEncoding = 4; lastKnownFileType = sourcecode.c.c; path = getaddrinfo.c; sourceTree = "<group>"; };
		B52B8126186075CD003B40D9 /* internal.h */ = {isa = PBXFileReference; fileEncoding = 4; lastKnownFileType = sourcecode.c.h; path = internal.h; sourceTree = "<group>"; };
		B52B8127186075CD003B40D9 /* kqueue.c */ = {isa = PBXFileReference; fileEncoding = 4; lastKnownFileType = sourcecode.c.c; path = kqueue.c; sourceTree = "<group>"; };
		B52B812C186075CD003B40D9 /* loop-watcher.c */ = {isa = PBXFileReference; fileEncoding = 4; lastKnownFileType = sourcecode.c.c; path = "loop-watcher.c"; sourceTree = "<group>"; };
		B52B812D186075CD003B40D9 /* loop.c */ = {isa = PBXFileReference; fileEncoding = 4; lastKnownFileType = sourcecode.c.c; path = loop.c; sourceTree = "<group>"; };
		B52B8130186075CD003B40D9 /* pipe.c */ = {isa = PBXFileReference; fileEncoding = 4; lastKnownFileType = sourcecode.c.c; path = pipe.c; sourceTree = "<group>"; };
		B52B8131186075CD003B40D9 /* poll.c */ = {isa = PBXFileReference; fileEncoding = 4; lastKnownFileType = sourcecode.c.c; path = poll.c; sourceTree = "<group>"; };
		B52B8132186075CD003B40D9 /* process.c */ = {isa = PBXFileReference; fileEncoding = 4; lastKnownFileType = sourcecode.c.c; path = process.c; sourceTree = "<group>"; };
		B52B8133186075CD003B40D9 /* proctitle.c */ = {isa = PBXFileReference; fileEncoding = 4; lastKnownFileType = sourcecode.c.c; path = proctitle.c; sourceTree = "<group>"; };
		B52B8135186075CD003B40D9 /* signal.c */ = {isa = PBXFileReference; fileEncoding = 4; lastKnownFileType = sourcecode.c.c; path = signal.c; sourceTree = "<group>"; };
		B52B8137186075CD003B40D9 /* stream.c */ = {isa = PBXFileReference; fileEncoding = 4; lastKnownFileType = sourcecode.c.c; path = stream.c; sourceTree = "<group>"; };
		B52B8139186075CD003B40D9 /* tcp.c */ = {isa = PBXFileReference; fileEncoding = 4; lastKnownFileType = sourcecode.c.c; path = tcp.c; sourceTree = "<group>"; };
		B52B813A186075CD003B40D9 /* thread.c */ = {isa = PBXFileReference; fileEncoding = 4; lastKnownFileType = sourcecode.c.c; path = thread.c; sourceTree = "<group>"; };
		B52B813B186075CD003B40D9 /* threadpool.c */ = {isa = PBXFileReference; fileEncoding = 4; lastKnownFileType = sourcecode.c.c; path = threadpool.c; sourceTree = "<group>"; };
		B52B813C186075CD003B40D9 /* timer.c */ = {isa = PBXFileReference; fileEncoding = 4; lastKnownFileType = sourcecode.c.c; path = timer.c; sourceTree = "<group>"; };
		B52B813D186075CD003B40D9 /* tty.c */ = {isa = PBXFileReference; fileEncoding = 4; lastKnownFileType = sourcecode.c.c; path = tty.c; sourceTree = "<group>"; };
		B52B813E186075CD003B40D9 /* udp.c */ = {isa = PBXFileReference; fileEncoding = 4; lastKnownFileType = sourcecode.c.c; path = udp.c; sourceTree = "<group>"; };
		B52B8140186075CD003B40D9 /* uv-common.c */ = {isa = PBXFileReference; fileEncoding = 4; lastKnownFileType = sourcecode.c.c; name = "uv-common.c"; path = "libuv/src/uv-common.c"; sourceTree = SOURCE_ROOT; };
		B52B8141186075CD003B40D9 /* uv-common.h */ = {isa = PBXFileReference; fileEncoding = 4; lastKnownFileType = sourcecode.c.h; name = "uv-common.h"; path = "libuv/src/uv-common.h"; sourceTree = SOURCE_ROOT; };
		B52B8142186075CD003B40D9 /* version.c */ = {isa = PBXFileReference; fileEncoding = 4; lastKnownFileType = sourcecode.c.c; name = version.c; path = libuv/src/version.c; sourceTree = SOURCE_ROOT; };
		B53E6996184672F3004E4EF9 /* NLStream.h */ = {isa = PBXFileReference; fileEncoding = 4; lastKnownFileType = sourcecode.c.h; path = NLStream.h; sourceTree = "<group>"; };
		B53E6997184672F3004E4EF9 /* NLStream.m */ = {isa = PBXFileReference; fileEncoding = 4; lastKnownFileType = sourcecode.c.objc; path = NLStream.m; sourceTree = "<group>"; };
		B541730F189415C000B6636B /* NLUDP.h */ = {isa = PBXFileReference; fileEncoding = 4; lastKnownFileType = sourcecode.c.h; path = NLUDP.h; sourceTree = "<group>"; };
		B5417310189415C000B6636B /* NLUDP.m */ = {isa = PBXFileReference; fileEncoding = 4; lastKnownFileType = sourcecode.c.objc; path = NLUDP.m; sourceTree = "<group>"; };
		B54173161894341600B6636B /* Nodelike Tests.xctest */ = {isa = PBXFileReference; explicitFileType = wrapper.cfbundle; includeInIndex = 0; path = "Nodelike Tests.xctest"; sourceTree = BUILT_PRODUCTS_DIR; };
		B54173171894341600B6636B /* XCTest.framework */ = {isa = PBXFileReference; lastKnownFileType = wrapper.framework; name = XCTest.framework; path = Library/Frameworks/XCTest.framework; sourceTree = DEVELOPER_DIR; };
		B541731A1894341600B6636B /* UIKit.framework */ = {isa = PBXFileReference; lastKnownFileType = wrapper.framework; name = UIKit.framework; path = Library/Frameworks/UIKit.framework; sourceTree = DEVELOPER_DIR; };
		B541731E1894341600B6636B /* Nodelike Tests-Info.plist */ = {isa = PBXFileReference; lastKnownFileType = text.plist.xml; path = "Nodelike Tests-Info.plist"; sourceTree = "<group>"; };
		B54173201894341600B6636B /* en */ = {isa = PBXFileReference; lastKnownFileType = text.plist.strings; name = en; path = en.lproj/InfoPlist.strings; sourceTree = "<group>"; };
		B54173241894341600B6636B /* Nodelike Tests-Prefix.pch */ = {isa = PBXFileReference; lastKnownFileType = sourcecode.c.h; path = "Nodelike Tests-Prefix.pch"; sourceTree = "<group>"; };
		B541732A1894362000B6636B /* NLTimer_Tests.m */ = {isa = PBXFileReference; fileEncoding = 4; lastKnownFileType = sourcecode.c.objc; path = NLTimer_Tests.m; sourceTree = "<group>"; };
		B541732E189438CC00B6636B /* _debugger.js */ = {isa = PBXFileReference; lastKnownFileType = sourcecode.javascript; path = _debugger.js; sourceTree = "<group>"; };
		B541732F189438CC00B6636B /* _http_agent.js */ = {isa = PBXFileReference; lastKnownFileType = sourcecode.javascript; path = _http_agent.js; sourceTree = "<group>"; };
		B5417330189438CC00B6636B /* _http_client.js */ = {isa = PBXFileReference; lastKnownFileType = sourcecode.javascript; path = _http_client.js; sourceTree = "<group>"; };
		B5417331189438CC00B6636B /* _http_common.js */ = {isa = PBXFileReference; lastKnownFileType = sourcecode.javascript; path = _http_common.js; sourceTree = "<group>"; };
		B5417332189438CC00B6636B /* _http_incoming.js */ = {isa = PBXFileReference; lastKnownFileType = sourcecode.javascript; path = _http_incoming.js; sourceTree = "<group>"; };
		B5417333189438CC00B6636B /* _http_outgoing.js */ = {isa = PBXFileReference; lastKnownFileType = sourcecode.javascript; path = _http_outgoing.js; sourceTree = "<group>"; };
		B5417334189438CC00B6636B /* _http_server.js */ = {isa = PBXFileReference; lastKnownFileType = sourcecode.javascript; path = _http_server.js; sourceTree = "<group>"; };
		B5417335189438CC00B6636B /* _linklist.js */ = {isa = PBXFileReference; lastKnownFileType = sourcecode.javascript; path = _linklist.js; sourceTree = "<group>"; };
		B5417336189438CC00B6636B /* _stream_duplex.js */ = {isa = PBXFileReference; lastKnownFileType = sourcecode.javascript; path = _stream_duplex.js; sourceTree = "<group>"; };
		B5417337189438CC00B6636B /* _stream_passthrough.js */ = {isa = PBXFileReference; lastKnownFileType = sourcecode.javascript; path = _stream_passthrough.js; sourceTree = "<group>"; };
		B5417338189438CC00B6636B /* _stream_readable.js */ = {isa = PBXFileReference; lastKnownFileType = sourcecode.javascript; path = _stream_readable.js; sourceTree = "<group>"; };
		B5417339189438CC00B6636B /* _stream_transform.js */ = {isa = PBXFileReference; lastKnownFileType = sourcecode.javascript; path = _stream_transform.js; sourceTree = "<group>"; };
		B541733A189438CC00B6636B /* _stream_writable.js */ = {isa = PBXFileReference; lastKnownFileType = sourcecode.javascript; path = _stream_writable.js; sourceTree = "<group>"; };
		B541733B189438CC00B6636B /* _tls_legacy.js */ = {isa = PBXFileReference; lastKnownFileType = sourcecode.javascript; path = _tls_legacy.js; sourceTree = "<group>"; };
		B541733C189438CC00B6636B /* _tls_wrap.js */ = {isa = PBXFileReference; lastKnownFileType = sourcecode.javascript; path = _tls_wrap.js; sourceTree = "<group>"; };
		B541733D189438CC00B6636B /* assert.js */ = {isa = PBXFileReference; lastKnownFileType = sourcecode.javascript; path = assert.js; sourceTree = "<group>"; };
		B541733E189438CC00B6636B /* buffer.js */ = {isa = PBXFileReference; lastKnownFileType = sourcecode.javascript; path = buffer.js; sourceTree = "<group>"; };
		B541733F189438CC00B6636B /* child_process.js */ = {isa = PBXFileReference; lastKnownFileType = sourcecode.javascript; path = child_process.js; sourceTree = "<group>"; };
		B5417340189438CC00B6636B /* cluster.js */ = {isa = PBXFileReference; lastKnownFileType = sourcecode.javascript; path = cluster.js; sourceTree = "<group>"; };
		B5417341189438CC00B6636B /* console.js */ = {isa = PBXFileReference; lastKnownFileType = sourcecode.javascript; path = console.js; sourceTree = "<group>"; };
		B5417342189438CC00B6636B /* constants.js */ = {isa = PBXFileReference; lastKnownFileType = sourcecode.javascript; path = constants.js; sourceTree = "<group>"; };
		B5417343189438CC00B6636B /* crypto.js */ = {isa = PBXFileReference; lastKnownFileType = sourcecode.javascript; path = crypto.js; sourceTree = "<group>"; };
		B5417344189438CC00B6636B /* dgram.js */ = {isa = PBXFileReference; lastKnownFileType = sourcecode.javascript; path = dgram.js; sourceTree = "<group>"; };
		B5417345189438CC00B6636B /* dns.js */ = {isa = PBXFileReference; lastKnownFileType = sourcecode.javascript; path = dns.js; sourceTree = "<group>"; };
		B5417346189438CC00B6636B /* domain.js */ = {isa = PBXFileReference; lastKnownFileType = sourcecode.javascript; path = domain.js; sourceTree = "<group>"; };
		B5417347189438CC00B6636B /* events.js */ = {isa = PBXFileReference; lastKnownFileType = sourcecode.javascript; path = events.js; sourceTree = "<group>"; };
		B5417348189438CC00B6636B /* freelist.js */ = {isa = PBXFileReference; lastKnownFileType = sourcecode.javascript; path = freelist.js; sourceTree = "<group>"; };
		B5417349189438CC00B6636B /* fs.js */ = {isa = PBXFileReference; lastKnownFileType = sourcecode.javascript; path = fs.js; sourceTree = "<group>"; };
		B541734A189438CC00B6636B /* http.js */ = {isa = PBXFileReference; lastKnownFileType = sourcecode.javascript; path = http.js; sourceTree = "<group>"; };
		B541734B189438CC00B6636B /* https.js */ = {isa = PBXFileReference; lastKnownFileType = sourcecode.javascript; path = https.js; sourceTree = "<group>"; };
		B541734C189438CC00B6636B /* module.js */ = {isa = PBXFileReference; lastKnownFileType = sourcecode.javascript; path = module.js; sourceTree = "<group>"; };
		B541734D189438CC00B6636B /* net.js */ = {isa = PBXFileReference; lastKnownFileType = sourcecode.javascript; path = net.js; sourceTree = "<group>"; };
		B541734E189438CC00B6636B /* os.js */ = {isa = PBXFileReference; lastKnownFileType = sourcecode.javascript; path = os.js; sourceTree = "<group>"; };
		B541734F189438CC00B6636B /* path.js */ = {isa = PBXFileReference; lastKnownFileType = sourcecode.javascript; path = path.js; sourceTree = "<group>"; };
		B5417350189438CC00B6636B /* punycode.js */ = {isa = PBXFileReference; lastKnownFileType = sourcecode.javascript; path = punycode.js; sourceTree = "<group>"; };
		B5417351189438CC00B6636B /* querystring.js */ = {isa = PBXFileReference; lastKnownFileType = sourcecode.javascript; path = querystring.js; sourceTree = "<group>"; };
		B5417352189438CC00B6636B /* readline.js */ = {isa = PBXFileReference; lastKnownFileType = sourcecode.javascript; path = readline.js; sourceTree = "<group>"; };
		B5417353189438CC00B6636B /* repl.js */ = {isa = PBXFileReference; lastKnownFileType = sourcecode.javascript; path = repl.js; sourceTree = "<group>"; };
		B5417354189438CC00B6636B /* smalloc.js */ = {isa = PBXFileReference; lastKnownFileType = sourcecode.javascript; path = smalloc.js; sourceTree = "<group>"; };
		B5417355189438CC00B6636B /* stream.js */ = {isa = PBXFileReference; lastKnownFileType = sourcecode.javascript; path = stream.js; sourceTree = "<group>"; };
		B5417356189438CC00B6636B /* string_decoder.js */ = {isa = PBXFileReference; lastKnownFileType = sourcecode.javascript; path = string_decoder.js; sourceTree = "<group>"; };
		B5417357189438CC00B6636B /* sys.js */ = {isa = PBXFileReference; lastKnownFileType = sourcecode.javascript; path = sys.js; sourceTree = "<group>"; };
		B5417358189438CC00B6636B /* timers.js */ = {isa = PBXFileReference; lastKnownFileType = sourcecode.javascript; path = timers.js; sourceTree = "<group>"; };
		B5417359189438CC00B6636B /* tls.js */ = {isa = PBXFileReference; lastKnownFileType = sourcecode.javascript; path = tls.js; sourceTree = "<group>"; };
		B541735A189438CC00B6636B /* tty.js */ = {isa = PBXFileReference; lastKnownFileType = sourcecode.javascript; path = tty.js; sourceTree = "<group>"; };
		B541735B189438CC00B6636B /* url.js */ = {isa = PBXFileReference; lastKnownFileType = sourcecode.javascript; path = url.js; sourceTree = "<group>"; };
		B541735C189438CC00B6636B /* util.js */ = {isa = PBXFileReference; lastKnownFileType = sourcecode.javascript; path = util.js; sourceTree = "<group>"; };
		B541735D189438CC00B6636B /* vm.js */ = {isa = PBXFileReference; lastKnownFileType = sourcecode.javascript; path = vm.js; sourceTree = "<group>"; };
		B541735E189438CC00B6636B /* zlib.js */ = {isa = PBXFileReference; lastKnownFileType = sourcecode.javascript; path = zlib.js; sourceTree = "<group>"; };
		B54C1F52180D37280051F826 /* libuv.a */ = {isa = PBXFileReference; explicitFileType = archive.ar; includeInIndex = 0; path = libuv.a; sourceTree = BUILT_PRODUCTS_DIR; };
		B54C1F95180D37C80051F826 /* libm.dylib */ = {isa = PBXFileReference; lastKnownFileType = "compiled.mach-o.dylib"; name = libm.dylib; path = usr/lib/libm.dylib; sourceTree = SDKROOT; };
		B56DEFA8187DBFA700FF1D8A /* http_parser.c */ = {isa = PBXFileReference; fileEncoding = 4; lastKnownFileType = sourcecode.c.c; path = http_parser.c; sourceTree = "<group>"; };
		B56DEFAA187DBFA700FF1D8A /* http_parser.h */ = {isa = PBXFileReference; fileEncoding = 4; lastKnownFileType = sourcecode.c.h; path = http_parser.h; sourceTree = "<group>"; };
		B56DEFBC187DC18100FF1D8A /* NLHTTPParser.h */ = {isa = PBXFileReference; fileEncoding = 4; lastKnownFileType = sourcecode.c.h; path = NLHTTPParser.h; sourceTree = "<group>"; };
		B56DEFBD187DC18100FF1D8A /* NLHTTPParser.m */ = {isa = PBXFileReference; fileEncoding = 4; lastKnownFileType = sourcecode.c.objc; path = NLHTTPParser.m; sourceTree = "<group>"; };
		B578842318944F2000EA1A81 /* NLBuffer.m */ = {isa = PBXFileReference; fileEncoding = 4; lastKnownFileType = sourcecode.c.objc; path = NLBuffer.m; sourceTree = "<group>"; };
		B578842518945E9900EA1A81 /* NLNatives.h */ = {isa = PBXFileReference; fileEncoding = 4; lastKnownFileType = sourcecode.c.h; path = NLNatives.h; sourceTree = "<group>"; };
		B578842618945E9900EA1A81 /* NLNatives.m */ = {isa = PBXFileReference; fileEncoding = 4; lastKnownFileType = sourcecode.c.objc; path = NLNatives.m; sourceTree = "<group>"; };
		B599FF2A185A7ED000057DD6 /* NLTCP.h */ = {isa = PBXFileReference; fileEncoding = 4; lastKnownFileType = sourcecode.c.h; path = NLTCP.h; sourceTree = "<group>"; };
		B599FF2B185A7ED000057DD6 /* NLTCP.m */ = {isa = PBXFileReference; fileEncoding = 4; lastKnownFileType = sourcecode.c.objc; path = NLTCP.m; sourceTree = "<group>"; };
		B59E5F89181EC45A0093A6FF /* NLUV.h */ = {isa = PBXFileReference; fileEncoding = 4; lastKnownFileType = sourcecode.c.h; path = NLUV.h; sourceTree = "<group>"; };
		B59E5F8A181EC45A0093A6FF /* NLUV.m */ = {isa = PBXFileReference; fileEncoding = 4; lastKnownFileType = sourcecode.c.objc; path = NLUV.m; sourceTree = "<group>"; };
		B59E5F8F181EE3590093A6FF /* NLHandle.h */ = {isa = PBXFileReference; fileEncoding = 4; lastKnownFileType = sourcecode.c.h; path = NLHandle.h; sourceTree = "<group>"; };
		B59E5F90181EE3590093A6FF /* NLHandle.m */ = {isa = PBXFileReference; fileEncoding = 4; lastKnownFileType = sourcecode.c.objc; path = NLHandle.m; sourceTree = "<group>"; };
		B59E5F92181F07090093A6FF /* NLFS.h */ = {isa = PBXFileReference; fileEncoding = 4; lastKnownFileType = sourcecode.c.h; path = NLFS.h; sourceTree = "<group>"; };
		B59E5F93181F07090093A6FF /* NLFS.m */ = {isa = PBXFileReference; fileEncoding = 4; lastKnownFileType = sourcecode.c.objc; path = NLFS.m; sourceTree = "<group>"; };
		B59E5F98181F07270093A6FF /* NLContext.h */ = {isa = PBXFileReference; fileEncoding = 4; lastKnownFileType = sourcecode.c.h; path = NLContext.h; sourceTree = "<group>"; };
		B59E5F99181F07270093A6FF /* NLContext.m */ = {isa = PBXFileReference; fileEncoding = 4; lastKnownFileType = sourcecode.c.objc; path = NLContext.m; sourceTree = "<group>"; };
		B59E5F9B181F07320093A6FF /* NLProcess.h */ = {isa = PBXFileReference; fileEncoding = 4; lastKnownFileType = sourcecode.c.h; path = NLProcess.h; sourceTree = "<group>"; };
		B59E5F9C181F07320093A6FF /* NLProcess.m */ = {isa = PBXFileReference; fileEncoding = 4; lastKnownFileType = sourcecode.c.objc; path = NLProcess.m; sourceTree = "<group>"; };
		B59E5F9E181F073D0093A6FF /* NLBinding.h */ = {isa = PBXFileReference; fileEncoding = 4; lastKnownFileType = sourcecode.c.h; path = NLBinding.h; sourceTree = "<group>"; };
		B59E5F9F181F073D0093A6FF /* NLBinding.m */ = {isa = PBXFileReference; fileEncoding = 4; lastKnownFileType = sourcecode.c.objc; path = NLBinding.m; sourceTree = "<group>"; };
		B59E5FA1181F07480093A6FF /* NLBindingConstants.h */ = {isa = PBXFileReference; fileEncoding = 4; lastKnownFileType = sourcecode.c.h; path = NLBindingConstants.h; sourceTree = "<group>"; };
		B59E5FA2181F07480093A6FF /* NLBindingConstants.m */ = {isa = PBXFileReference; fileEncoding = 4; lastKnownFileType = sourcecode.c.objc; path = NLBindingConstants.m; sourceTree = "<group>"; };
		B59E5FA41820EF530093A6FF /* NLTimer.h */ = {isa = PBXFileReference; fileEncoding = 4; lastKnownFileType = sourcecode.c.h; path = NLTimer.h; sourceTree = "<group>"; };
		B59E5FA51820EF530093A6FF /* NLTimer.m */ = {isa = PBXFileReference; fileEncoding = 4; lastKnownFileType = sourcecode.c.objc; path = NLTimer.m; sourceTree = "<group>"; };
		B59EA04F180CB38E005BF5C1 /* JavaScriptCore.framework */ = {isa = PBXFileReference; lastKnownFileType = wrapper.framework; name = JavaScriptCore.framework; path = System/Library/Frameworks/JavaScriptCore.framework; sourceTree = SDKROOT; };
		B59EA08E180CB587005BF5C1 /* libNodelike.a */ = {isa = PBXFileReference; explicitFileType = archive.ar; includeInIndex = 0; path = libNodelike.a; sourceTree = BUILT_PRODUCTS_DIR; };
		B59EA092180CB587005BF5C1 /* Nodelike-Prefix.pch */ = {isa = PBXFileReference; lastKnownFileType = sourcecode.c.h; path = "Nodelike-Prefix.pch"; sourceTree = "<group>"; };
		B59EA093180CB587005BF5C1 /* Nodelike.h */ = {isa = PBXFileReference; lastKnownFileType = sourcecode.c.h; path = Nodelike.h; sourceTree = "<group>"; };
		B5B44642180AB78E009ADEF9 /* Foundation.framework */ = {isa = PBXFileReference; lastKnownFileType = wrapper.framework; name = Foundation.framework; path = System/Library/Frameworks/Foundation.framework; sourceTree = SDKROOT; };
		B5C5B247181319550091FDE8 /* NLBindingSmalloc.h */ = {isa = PBXFileReference; fileEncoding = 4; lastKnownFileType = sourcecode.c.h; path = NLBindingSmalloc.h; sourceTree = "<group>"; };
		B5C5B248181319550091FDE8 /* NLBindingSmalloc.m */ = {isa = PBXFileReference; fileEncoding = 4; lastKnownFileType = sourcecode.c.objc; path = NLBindingSmalloc.m; sourceTree = "<group>"; };
		B5C5B24A181321300091FDE8 /* NLBuffer.h */ = {isa = PBXFileReference; fileEncoding = 4; lastKnownFileType = sourcecode.c.h; path = NLBuffer.h; sourceTree = "<group>"; };
/* End PBXFileReference section */

/* Begin PBXFrameworksBuildPhase section */
		B54173131894341600B6636B /* Frameworks */ = {
			isa = PBXFrameworksBuildPhase;
			buildActionMask = 2147483647;
			files = (
				B541732C189436B700B6636B /* libNodelike.a in Frameworks */,
				B54173181894341600B6636B /* XCTest.framework in Frameworks */,
				B541731B1894341600B6636B /* UIKit.framework in Frameworks */,
				B54173191894341600B6636B /* Foundation.framework in Frameworks */,
			);
			runOnlyForDeploymentPostprocessing = 0;
		};
		B54C1F4F180D37280051F826 /* Frameworks */ = {
			isa = PBXFrameworksBuildPhase;
			buildActionMask = 2147483647;
			files = (
				B54C1F96180D37C80051F826 /* libm.dylib in Frameworks */,
				B54C1F53180D37280051F826 /* Foundation.framework in Frameworks */,
			);
			runOnlyForDeploymentPostprocessing = 0;
		};
		B59EA08B180CB587005BF5C1 /* Frameworks */ = {
			isa = PBXFrameworksBuildPhase;
			buildActionMask = 2147483647;
			files = (
				B54C1F94180D37810051F826 /* libuv.a in Frameworks */,
				B59EA0BD180CB639005BF5C1 /* JavaScriptCore.framework in Frameworks */,
				B59EA08F180CB587005BF5C1 /* Foundation.framework in Frameworks */,
			);
			runOnlyForDeploymentPostprocessing = 0;
		};
/* End PBXFrameworksBuildPhase section */

/* Begin PBXGroup section */
		B52B810A18607575003B40D9 /* include */ = {
			isa = PBXGroup;
			children = (
				B52B810D18607587003B40D9 /* tree.h */,
				B52B810E18607587003B40D9 /* uv-bsd.h */,
				B52B810F18607587003B40D9 /* uv-darwin.h */,
				B52B811018607587003B40D9 /* uv-errno.h */,
				B52B811118607587003B40D9 /* uv-linux.h */,
				B52B811218607587003B40D9 /* uv-sunos.h */,
				B52B811318607587003B40D9 /* uv-unix.h */,
				B52B811518607587003B40D9 /* uv.h */,
			);
			name = include;
			sourceTree = "<group>";
		};
		B52B8116186075C1003B40D9 /* src */ = {
			isa = PBXGroup;
			children = (
				B52B8117186075CD003B40D9 /* fs-poll.c */,
				B52B8118186075CD003B40D9 /* inet.c */,
				B52B8119186075CD003B40D9 /* queue.h */,
				B52B811A186075CD003B40D9 /* unix */,
				B52B8140186075CD003B40D9 /* uv-common.c */,
				B52B8141186075CD003B40D9 /* uv-common.h */,
				B52B8142186075CD003B40D9 /* version.c */,
			);
			name = src;
			sourceTree = "<group>";
		};
		B52B811A186075CD003B40D9 /* unix */ = {
			isa = PBXGroup;
			children = (
				B52B811C186075CD003B40D9 /* async.c */,
				B52B811E186075CD003B40D9 /* core.c */,
				B52B811F186075CD003B40D9 /* darwin-proctitle.c */,
				B52B8120186075CD003B40D9 /* darwin.c */,
				B52B8121186075CD003B40D9 /* dl.c */,
				B52B8123186075CD003B40D9 /* fs.c */,
				B52B8124186075CD003B40D9 /* fsevents.c */,
				B52B8125186075CD003B40D9 /* getaddrinfo.c */,
				B52B8126186075CD003B40D9 /* internal.h */,
				B52B8127186075CD003B40D9 /* kqueue.c */,
				B52B812C186075CD003B40D9 /* loop-watcher.c */,
				B52B812D186075CD003B40D9 /* loop.c */,
				B52B8130186075CD003B40D9 /* pipe.c */,
				B52B8131186075CD003B40D9 /* poll.c */,
				B52B8132186075CD003B40D9 /* process.c */,
				B52B8133186075CD003B40D9 /* proctitle.c */,
				B52B8135186075CD003B40D9 /* signal.c */,
				B52B8137186075CD003B40D9 /* stream.c */,
				B52B8139186075CD003B40D9 /* tcp.c */,
				B52B813A186075CD003B40D9 /* thread.c */,
				B52B813B186075CD003B40D9 /* threadpool.c */,
				B52B813C186075CD003B40D9 /* timer.c */,
				B52B813D186075CD003B40D9 /* tty.c */,
				B52B813E186075CD003B40D9 /* udp.c */,
			);
			name = unix;
			path = libuv/src/unix;
			sourceTree = SOURCE_ROOT;
		};
		B541731C1894341600B6636B /* Nodelike Tests */ = {
			isa = PBXGroup;
			children = (
				B541732A1894362000B6636B /* NLTimer_Tests.m */,
				B541731D1894341600B6636B /* Supporting Files */,
			);
			path = "Nodelike Tests";
			sourceTree = "<group>";
		};
		B541731D1894341600B6636B /* Supporting Files */ = {
			isa = PBXGroup;
			children = (
				B541731E1894341600B6636B /* Nodelike Tests-Info.plist */,
				B541731F1894341600B6636B /* InfoPlist.strings */,
				B54173241894341600B6636B /* Nodelike Tests-Prefix.pch */,
			);
			name = "Supporting Files";
			sourceTree = "<group>";
		};
		B541732D189438CC00B6636B /* lib */ = {
			isa = PBXGroup;
			children = (
				B541732E189438CC00B6636B /* _debugger.js */,
				B541732F189438CC00B6636B /* _http_agent.js */,
				B5417330189438CC00B6636B /* _http_client.js */,
				B5417331189438CC00B6636B /* _http_common.js */,
				B5417332189438CC00B6636B /* _http_incoming.js */,
				B5417333189438CC00B6636B /* _http_outgoing.js */,
				B5417334189438CC00B6636B /* _http_server.js */,
				B5417335189438CC00B6636B /* _linklist.js */,
				B5417336189438CC00B6636B /* _stream_duplex.js */,
				B5417337189438CC00B6636B /* _stream_passthrough.js */,
				B5417338189438CC00B6636B /* _stream_readable.js */,
				B5417339189438CC00B6636B /* _stream_transform.js */,
				B541733A189438CC00B6636B /* _stream_writable.js */,
				B541733B189438CC00B6636B /* _tls_legacy.js */,
				B541733C189438CC00B6636B /* _tls_wrap.js */,
				B541733D189438CC00B6636B /* assert.js */,
				B541733E189438CC00B6636B /* buffer.js */,
				B541733F189438CC00B6636B /* child_process.js */,
				B5417340189438CC00B6636B /* cluster.js */,
				B5417341189438CC00B6636B /* console.js */,
				B5417342189438CC00B6636B /* constants.js */,
				B5417343189438CC00B6636B /* crypto.js */,
				B5417344189438CC00B6636B /* dgram.js */,
				B5417345189438CC00B6636B /* dns.js */,
				B5417346189438CC00B6636B /* domain.js */,
				B5417347189438CC00B6636B /* events.js */,
				B5417348189438CC00B6636B /* freelist.js */,
				B5417349189438CC00B6636B /* fs.js */,
				B541734A189438CC00B6636B /* http.js */,
				B541734B189438CC00B6636B /* https.js */,
				B541734C189438CC00B6636B /* module.js */,
				B541734D189438CC00B6636B /* net.js */,
				B541734E189438CC00B6636B /* os.js */,
				B541734F189438CC00B6636B /* path.js */,
				B5417350189438CC00B6636B /* punycode.js */,
				B5417351189438CC00B6636B /* querystring.js */,
				B5417352189438CC00B6636B /* readline.js */,
				B5417353189438CC00B6636B /* repl.js */,
				B5417354189438CC00B6636B /* smalloc.js */,
				B5417355189438CC00B6636B /* stream.js */,
				B5417356189438CC00B6636B /* string_decoder.js */,
				B5417357189438CC00B6636B /* sys.js */,
				B5417358189438CC00B6636B /* timers.js */,
				B5417359189438CC00B6636B /* tls.js */,
				B541735A189438CC00B6636B /* tty.js */,
				B541735B189438CC00B6636B /* url.js */,
				B541735C189438CC00B6636B /* util.js */,
				B541735D189438CC00B6636B /* vm.js */,
				B541735E189438CC00B6636B /* zlib.js */,
			);
			path = lib;
			sourceTree = "<group>";
		};
		B56DEF9F187DBFA700FF1D8A /* http-parser */ = {
			isa = PBXGroup;
			children = (
				B56DEFA8187DBFA700FF1D8A /* http_parser.c */,
				B56DEFAA187DBFA700FF1D8A /* http_parser.h */,
			);
			path = "http-parser";
			sourceTree = SOURCE_ROOT;
		};
		B59EA090180CB587005BF5C1 /* Nodelike */ = {
			isa = PBXGroup;
			children = (
				B59E5F98181F07270093A6FF /* NLContext.h */,
				B59E5F99181F07270093A6FF /* NLContext.m */,
				B578842518945E9900EA1A81 /* NLNatives.h */,
				B578842618945E9900EA1A81 /* NLNatives.m */,
				B59E5F9B181F07320093A6FF /* NLProcess.h */,
				B59E5F9C181F07320093A6FF /* NLProcess.m */,
				B59E5F9E181F073D0093A6FF /* NLBinding.h */,
				B59E5F9F181F073D0093A6FF /* NLBinding.m */,
				B59E5F92181F07090093A6FF /* NLFS.h */,
				B59E5F93181F07090093A6FF /* NLFS.m */,
				B59E5FA1181F07480093A6FF /* NLBindingConstants.h */,
				B59E5FA2181F07480093A6FF /* NLBindingConstants.m */,
				B5C5B247181319550091FDE8 /* NLBindingSmalloc.h */,
				B5C5B248181319550091FDE8 /* NLBindingSmalloc.m */,
				B5C5B24A181321300091FDE8 /* NLBuffer.h */,
				B578842318944F2000EA1A81 /* NLBuffer.m */,
				B59E5F89181EC45A0093A6FF /* NLUV.h */,
				B59E5F8A181EC45A0093A6FF /* NLUV.m */,
				B59E5F8F181EE3590093A6FF /* NLHandle.h */,
				B59E5F90181EE3590093A6FF /* NLHandle.m */,
				B59E5FA41820EF530093A6FF /* NLTimer.h */,
				B59E5FA51820EF530093A6FF /* NLTimer.m */,
				B53E6996184672F3004E4EF9 /* NLStream.h */,
				B53E6997184672F3004E4EF9 /* NLStream.m */,
				B599FF2A185A7ED000057DD6 /* NLTCP.h */,
				B599FF2B185A7ED000057DD6 /* NLTCP.m */,
				B541730F189415C000B6636B /* NLUDP.h */,
				B5417310189415C000B6636B /* NLUDP.m */,
				B56DEFBC187DC18100FF1D8A /* NLHTTPParser.h */,
				B56DEFBD187DC18100FF1D8A /* NLHTTPParser.m */,
				B5061A381815A9B00083AB4B /* NLCaresWrap.h */,
				B5061A391815A9B00083AB4B /* NLCaresWrap.m */,
				B59EA093180CB587005BF5C1 /* Nodelike.h */,
				B59EA091180CB587005BF5C1 /* Supporting Files */,
			);
			path = Nodelike;
			sourceTree = "<group>";
		};
		B59EA091180CB587005BF5C1 /* Supporting Files */ = {
			isa = PBXGroup;
			children = (
				B59EA092180CB587005BF5C1 /* Nodelike-Prefix.pch */,
			);
			name = "Supporting Files";
			sourceTree = "<group>";
		};
		B5B44636180AB78E009ADEF9 = {
			isa = PBXGroup;
			children = (
				B541732D189438CC00B6636B /* lib */,
				B56DEF9F187DBFA700FF1D8A /* http-parser */,
				B5D9EC4B183A342400E321A0 /* libuv */,
				B59EA090180CB587005BF5C1 /* Nodelike */,
				B541731C1894341600B6636B /* Nodelike Tests */,
				B5B44641180AB78E009ADEF9 /* Frameworks */,
				B5B44640180AB78E009ADEF9 /* Products */,
			);
			sourceTree = "<group>";
		};
		B5B44640180AB78E009ADEF9 /* Products */ = {
			isa = PBXGroup;
			children = (
				B59EA08E180CB587005BF5C1 /* libNodelike.a */,
				B54C1F52180D37280051F826 /* libuv.a */,
				B54173161894341600B6636B /* Nodelike Tests.xctest */,
			);
			name = Products;
			sourceTree = "<group>";
		};
		B5B44641180AB78E009ADEF9 /* Frameworks */ = {
			isa = PBXGroup;
			children = (
				B54C1F95180D37C80051F826 /* libm.dylib */,
				B59EA04F180CB38E005BF5C1 /* JavaScriptCore.framework */,
				B5B44642180AB78E009ADEF9 /* Foundation.framework */,
				B54173171894341600B6636B /* XCTest.framework */,
				B541731A1894341600B6636B /* UIKit.framework */,
			);
			name = Frameworks;
			sourceTree = "<group>";
		};
		B5D9EC4B183A342400E321A0 /* libuv */ = {
			isa = PBXGroup;
			children = (
				B52B8116186075C1003B40D9 /* src */,
				B52B810A18607575003B40D9 /* include */,
			);
			name = libuv;
			path = node/deps/uv;
			sourceTree = "<group>";
		};
/* End PBXGroup section */

/* Begin PBXNativeTarget section */
		B54173151894341600B6636B /* Nodelike Tests */ = {
			isa = PBXNativeTarget;
			buildConfigurationList = B54173271894341600B6636B /* Build configuration list for PBXNativeTarget "Nodelike Tests" */;
			buildPhases = (
				B54173121894341600B6636B /* Sources */,
				B54173131894341600B6636B /* Frameworks */,
				B54173141894341600B6636B /* Resources */,
			);
			buildRules = (
			);
			dependencies = (
				B54173261894341600B6636B /* PBXTargetDependency */,
			);
			name = "Nodelike Tests";
			productName = "Nodelike Tests";
			productReference = B54173161894341600B6636B /* Nodelike Tests.xctest */;
			productType = "com.apple.product-type.bundle.unit-test";
		};
		B54C1F51180D37280051F826 /* uv */ = {
			isa = PBXNativeTarget;
			buildConfigurationList = B54C1F6E180D37280051F826 /* Build configuration list for PBXNativeTarget "uv" */;
			buildPhases = (
				B54C1F4E180D37280051F826 /* Sources */,
				B54C1F4F180D37280051F826 /* Frameworks */,
			);
			buildRules = (
			);
			dependencies = (
			);
			name = uv;
			productName = uv;
			productReference = B54C1F52180D37280051F826 /* libuv.a */;
			productType = "com.apple.product-type.library.static";
		};
		B59EA08D180CB587005BF5C1 /* Nodelike */ = {
			isa = PBXNativeTarget;
			buildConfigurationList = B59EA0AA180CB588005BF5C1 /* Build configuration list for PBXNativeTarget "Nodelike" */;
			buildPhases = (
				B59EA08A180CB587005BF5C1 /* Sources */,
				B59EA08B180CB587005BF5C1 /* Frameworks */,
				B59EA0BE180CB677005BF5C1 /* Resources */,
			);
			buildRules = (
			);
			dependencies = (
				B54C1F93180D37790051F826 /* PBXTargetDependency */,
			);
			name = Nodelike;
			productName = Nodelike;
			productReference = B59EA08E180CB587005BF5C1 /* libNodelike.a */;
			productType = "com.apple.product-type.library.static";
		};
/* End PBXNativeTarget section */

/* Begin PBXProject section */
		B5B44637180AB78E009ADEF9 /* Project object */ = {
			isa = PBXProject;
			attributes = {
				CLASSPREFIX = NL;
				LastUpgradeCheck = 0500;
				ORGANIZATIONNAME = "Sam Rijs";
				TargetAttributes = {
					B54173151894341600B6636B = {
						TestTargetID = B59EA08D180CB587005BF5C1;
					};
				};
			};
			buildConfigurationList = B5B4463A180AB78E009ADEF9 /* Build configuration list for PBXProject "Nodelike" */;
			compatibilityVersion = "Xcode 3.2";
			developmentRegion = English;
			hasScannedForEncodings = 0;
			knownRegions = (
				en,
				Base,
			);
			mainGroup = B5B44636180AB78E009ADEF9;
			productRefGroup = B5B44640180AB78E009ADEF9 /* Products */;
			projectDirPath = "";
			projectRoot = "";
			targets = (
				B59EA08D180CB587005BF5C1 /* Nodelike */,
				B54C1F51180D37280051F826 /* uv */,
				B54173151894341600B6636B /* Nodelike Tests */,
			);
		};
/* End PBXProject section */

/* Begin PBXResourcesBuildPhase section */
		B54173141894341600B6636B /* Resources */ = {
			isa = PBXResourcesBuildPhase;
			buildActionMask = 2147483647;
			files = (
				B541735F189438DC00B6636B /* _debugger.js in Resources */,
				B5417360189438DC00B6636B /* _http_agent.js in Resources */,
				B5417361189438DC00B6636B /* _http_client.js in Resources */,
				B5417362189438DC00B6636B /* _http_common.js in Resources */,
				B5417363189438DC00B6636B /* _http_incoming.js in Resources */,
				B5417364189438DC00B6636B /* _http_outgoing.js in Resources */,
				B5417365189438DC00B6636B /* _http_server.js in Resources */,
				B5417366189438DC00B6636B /* _linklist.js in Resources */,
				B5417367189438DC00B6636B /* _stream_duplex.js in Resources */,
				B5417368189438DC00B6636B /* _stream_passthrough.js in Resources */,
				B5417369189438DC00B6636B /* _stream_readable.js in Resources */,
				B541736A189438DC00B6636B /* _stream_transform.js in Resources */,
				B541736B189438DC00B6636B /* _stream_writable.js in Resources */,
				B541736C189438DC00B6636B /* _tls_legacy.js in Resources */,
				B541736D189438DC00B6636B /* _tls_wrap.js in Resources */,
				B541736E189438DC00B6636B /* assert.js in Resources */,
				B541736F189438DC00B6636B /* buffer.js in Resources */,
				B5417370189438DC00B6636B /* child_process.js in Resources */,
				B5417371189438DC00B6636B /* cluster.js in Resources */,
				B5417372189438DC00B6636B /* console.js in Resources */,
				B5417373189438DC00B6636B /* constants.js in Resources */,
				B5417374189438DC00B6636B /* crypto.js in Resources */,
				B5417375189438DC00B6636B /* dgram.js in Resources */,
				B5417376189438DC00B6636B /* dns.js in Resources */,
				B5417377189438DC00B6636B /* domain.js in Resources */,
				B5417378189438DC00B6636B /* events.js in Resources */,
				B5417379189438DC00B6636B /* freelist.js in Resources */,
				B541737A189438DC00B6636B /* fs.js in Resources */,
				B541737B189438DC00B6636B /* http.js in Resources */,
				B541737C189438DC00B6636B /* https.js in Resources */,
				B541737D189438DC00B6636B /* module.js in Resources */,
				B541737E189438DC00B6636B /* net.js in Resources */,
				B541737F189438DC00B6636B /* os.js in Resources */,
				B5417380189438DC00B6636B /* path.js in Resources */,
				B5417381189438DC00B6636B /* punycode.js in Resources */,
				B5417382189438DC00B6636B /* querystring.js in Resources */,
				B5417383189438DC00B6636B /* readline.js in Resources */,
				B5417384189438DC00B6636B /* repl.js in Resources */,
				B5417385189438DC00B6636B /* smalloc.js in Resources */,
				B5417386189438DC00B6636B /* stream.js in Resources */,
				B5417387189438DC00B6636B /* string_decoder.js in Resources */,
				B5417388189438DC00B6636B /* sys.js in Resources */,
				B5417389189438DC00B6636B /* timers.js in Resources */,
				B541738A189438DC00B6636B /* tls.js in Resources */,
				B541738B189438DC00B6636B /* tty.js in Resources */,
				B541738C189438DC00B6636B /* url.js in Resources */,
				B541738D189438DC00B6636B /* util.js in Resources */,
				B541738E189438DC00B6636B /* vm.js in Resources */,
				B541738F189438DC00B6636B /* zlib.js in Resources */,
				B54173211894341600B6636B /* InfoPlist.strings in Resources */,
			);
			runOnlyForDeploymentPostprocessing = 0;
		};
		B59EA0BE180CB677005BF5C1 /* Resources */ = {
			isa = PBXResourcesBuildPhase;
			buildActionMask = 2147483647;
			files = (
			);
			runOnlyForDeploymentPostprocessing = 0;
		};
/* End PBXResourcesBuildPhase section */

/* Begin PBXSourcesBuildPhase section */
		B54173121894341600B6636B /* Sources */ = {
			isa = PBXSourcesBuildPhase;
			buildActionMask = 2147483647;
			files = (
				B541732B1894362000B6636B /* NLTimer_Tests.m in Sources */,
			);
			runOnlyForDeploymentPostprocessing = 0;
		};
		B54C1F4E180D37280051F826 /* Sources */ = {
			isa = PBXSourcesBuildPhase;
			buildActionMask = 2147483647;
			files = (
				B52B8147186075CD003B40D9 /* core.c in Sources */,
				B52B8166186075CD003B40D9 /* uv-common.c in Sources */,
				B52B814C186075CD003B40D9 /* fs.c in Sources */,
				B52B814A186075CD003B40D9 /* dl.c in Sources */,
				B52B8146186075CD003B40D9 /* async.c in Sources */,
				B52B814E186075CD003B40D9 /* getaddrinfo.c in Sources */,
				B52B815C186075CD003B40D9 /* signal.c in Sources */,
				B52B8160186075CD003B40D9 /* thread.c in Sources */,
				B52B8161186075CD003B40D9 /* threadpool.c in Sources */,
				B52B8153186075CD003B40D9 /* loop-watcher.c in Sources */,
				B52B8163186075CD003B40D9 /* tty.c in Sources */,
				B52B8158186075CD003B40D9 /* poll.c in Sources */,
				B52B8162186075CD003B40D9 /* timer.c in Sources */,
				B52B8167186075CD003B40D9 /* version.c in Sources */,
				B52B8164186075CD003B40D9 /* udp.c in Sources */,
				B52B815D186075CD003B40D9 /* stream.c in Sources */,
				B52B814F186075CD003B40D9 /* kqueue.c in Sources */,
				B52B8159186075CD003B40D9 /* process.c in Sources */,
				B52B815F186075CD003B40D9 /* tcp.c in Sources */,
				B52B8154186075CD003B40D9 /* loop.c in Sources */,
				B52B8144186075CD003B40D9 /* inet.c in Sources */,
				B52B8157186075CD003B40D9 /* pipe.c in Sources */,
				B52B815A186075CD003B40D9 /* proctitle.c in Sources */,
				B52B8149186075CD003B40D9 /* darwin.c in Sources */,
				B52B814D186075CD003B40D9 /* fsevents.c in Sources */,
				B52B8143186075CD003B40D9 /* fs-poll.c in Sources */,
				B52B8148186075CD003B40D9 /* darwin-proctitle.c in Sources */,
			);
			runOnlyForDeploymentPostprocessing = 0;
		};
		B59EA08A180CB587005BF5C1 /* Sources */ = {
			isa = PBXSourcesBuildPhase;
			buildActionMask = 2147483647;
			files = (
				B56DEFBE187DC18100FF1D8A /* NLHTTPParser.m in Sources */,
				B599FF2C185A7ED000057DD6 /* NLTCP.m in Sources */,
				B5417311189415C000B6636B /* NLUDP.m in Sources */,
				B59E5F8B181EC45A0093A6FF /* NLUV.m in Sources */,
				B59E5FA3181F07480093A6FF /* NLBindingConstants.m in Sources */,
				B5C5B249181319550091FDE8 /* NLBindingSmalloc.m in Sources */,
				B59E5F9A181F07270093A6FF /* NLContext.m in Sources */,
				B5061A3A1815A9B00083AB4B /* NLCaresWrap.m in Sources */,
				B59E5F91181EE3590093A6FF /* NLHandle.m in Sources */,
				B578842718945E9900EA1A81 /* NLNatives.m in Sources */,
				B5C5B24C181321300091FDE8 /* NLBindingBuffer.m in Sources */,
				B56DEFB6187DBFA700FF1D8A /* http_parser.c in Sources */,
				B53E6998184672F3004E4EF9 /* NLStream.m in Sources */,
				B59E5F94181F07090093A6FF /* NLFS.m in Sources */,
				B59E5F9D181F07320093A6FF /* NLProcess.m in Sources */,
				B59E5FA0181F073D0093A6FF /* NLBinding.m in Sources */,
				B59E5FA61820EF530093A6FF /* NLTimer.m in Sources */,
				B578842418944F2000EA1A81 /* NLBuffer.m in Sources */,
			);
			runOnlyForDeploymentPostprocessing = 0;
		};
/* End PBXSourcesBuildPhase section */

/* Begin PBXTargetDependency section */
		B54173261894341600B6636B /* PBXTargetDependency */ = {
			isa = PBXTargetDependency;
			target = B59EA08D180CB587005BF5C1 /* Nodelike */;
			targetProxy = B54173251894341600B6636B /* PBXContainerItemProxy */;
		};
		B54C1F93180D37790051F826 /* PBXTargetDependency */ = {
			isa = PBXTargetDependency;
			target = B54C1F51180D37280051F826 /* uv */;
			targetProxy = B54C1F92180D37790051F826 /* PBXContainerItemProxy */;
		};
/* End PBXTargetDependency section */

/* Begin PBXVariantGroup section */
		B541731F1894341600B6636B /* InfoPlist.strings */ = {
			isa = PBXVariantGroup;
			children = (
				B54173201894341600B6636B /* en */,
			);
			name = InfoPlist.strings;
			sourceTree = "<group>";
		};
/* End PBXVariantGroup section */

/* Begin XCBuildConfiguration section */
		B54173281894341600B6636B /* Debug */ = {
			isa = XCBuildConfiguration;
			buildSettings = {
				ARCHS = "$(ARCHS_STANDARD_INCLUDING_64_BIT)";
				FRAMEWORK_SEARCH_PATHS = (
					"$(SDKROOT)/Developer/Library/Frameworks",
					"$(inherited)",
					"$(DEVELOPER_FRAMEWORKS_DIR)",
				);
				GCC_PRECOMPILE_PREFIX_HEADER = YES;
				GCC_PREFIX_HEADER = "Nodelike Tests/Nodelike Tests-Prefix.pch";
				GCC_PREPROCESSOR_DEFINITIONS = (
					"DEBUG=1",
					"$(inherited)",
				);
				INFOPLIST_FILE = "Nodelike Tests/Nodelike Tests-Info.plist";
				PRODUCT_NAME = "$(TARGET_NAME)";
				WRAPPER_EXTENSION = xctest;
			};
			name = Debug;
		};
		B54173291894341600B6636B /* Release */ = {
			isa = XCBuildConfiguration;
			buildSettings = {
				ARCHS = "$(ARCHS_STANDARD_INCLUDING_64_BIT)";
				FRAMEWORK_SEARCH_PATHS = (
					"$(SDKROOT)/Developer/Library/Frameworks",
					"$(inherited)",
					"$(DEVELOPER_FRAMEWORKS_DIR)",
				);
				GCC_PRECOMPILE_PREFIX_HEADER = YES;
				GCC_PREFIX_HEADER = "Nodelike Tests/Nodelike Tests-Prefix.pch";
				INFOPLIST_FILE = "Nodelike Tests/Nodelike Tests-Info.plist";
				PRODUCT_NAME = "$(TARGET_NAME)";
				WRAPPER_EXTENSION = xctest;
			};
			name = Release;
		};
		B54C1F6F180D37280051F826 /* Debug */ = {
			isa = XCBuildConfiguration;
			buildSettings = {
				DSTROOT = /tmp/uv.dst;
				GCC_PREPROCESSOR_DEFINITIONS = (
					"DEBUG=1",
					"$(inherited)",
				);
				OTHER_LDFLAGS = "-ObjC";
				PRODUCT_NAME = "$(TARGET_NAME)";
				SKIP_INSTALL = YES;
			};
			name = Debug;
		};
		B54C1F70180D37280051F826 /* Release */ = {
			isa = XCBuildConfiguration;
			buildSettings = {
				DSTROOT = /tmp/uv.dst;
				OTHER_LDFLAGS = "-ObjC";
				PRODUCT_NAME = "$(TARGET_NAME)";
				SKIP_INSTALL = YES;
			};
			name = Release;
		};
		B59EA0AB180CB588005BF5C1 /* Debug */ = {
			isa = XCBuildConfiguration;
			buildSettings = {
				DSTROOT = /tmp/Nodelike.dst;
				GCC_PRECOMPILE_PREFIX_HEADER = YES;
				GCC_PREFIX_HEADER = "Nodelike/Nodelike-Prefix.pch";
				GCC_PREPROCESSOR_DEFINITIONS = (
					"DEBUG=1",
					"$(inherited)",
				);
				OTHER_LDFLAGS = "-ObjC";
				PRODUCT_NAME = "$(TARGET_NAME)";
				SKIP_INSTALL = YES;
			};
			name = Debug;
		};
		B59EA0AC180CB588005BF5C1 /* Release */ = {
			isa = XCBuildConfiguration;
			buildSettings = {
				DSTROOT = /tmp/Nodelike.dst;
				GCC_PRECOMPILE_PREFIX_HEADER = YES;
				GCC_PREFIX_HEADER = "Nodelike/Nodelike-Prefix.pch";
				OTHER_LDFLAGS = "-ObjC";
				PRODUCT_NAME = "$(TARGET_NAME)";
				SKIP_INSTALL = YES;
			};
			name = Release;
		};
		B5B4466F180AB78E009ADEF9 /* Debug */ = {
			isa = XCBuildConfiguration;
			buildSettings = {
				ALWAYS_SEARCH_USER_PATHS = NO;
				ARCHS = "$(ARCHS_STANDARD_INCLUDING_64_BIT)";
				CLANG_CXX_LANGUAGE_STANDARD = "gnu++0x";
				CLANG_CXX_LIBRARY = "libc++";
				CLANG_ENABLE_MODULES = YES;
				CLANG_ENABLE_OBJC_ARC = YES;
				CLANG_WARN_BOOL_CONVERSION = YES;
				CLANG_WARN_CONSTANT_CONVERSION = YES;
				CLANG_WARN_DIRECT_OBJC_ISA_USAGE = YES_ERROR;
				CLANG_WARN_EMPTY_BODY = YES;
				CLANG_WARN_ENUM_CONVERSION = YES;
				CLANG_WARN_INT_CONVERSION = YES;
				CLANG_WARN_OBJC_ROOT_CLASS = YES_ERROR;
				CLANG_WARN__DUPLICATE_METHOD_MATCH = YES;
				"CODE_SIGN_IDENTITY[sdk=iphoneos*]" = "iPhone Developer";
				COPY_PHASE_STRIP = NO;
				GCC_C_LANGUAGE_STANDARD = gnu99;
				GCC_DYNAMIC_NO_PIC = NO;
				GCC_OPTIMIZATION_LEVEL = 0;
				GCC_PREPROCESSOR_DEFINITIONS = (
					"DEBUG=1",
					"$(inherited)",
				);
				GCC_SYMBOLS_PRIVATE_EXTERN = NO;
				GCC_WARN_64_TO_32_BIT_CONVERSION = YES;
				GCC_WARN_ABOUT_RETURN_TYPE = YES_ERROR;
				GCC_WARN_UNDECLARED_SELECTOR = YES;
				GCC_WARN_UNINITIALIZED_AUTOS = YES;
				GCC_WARN_UNUSED_FUNCTION = YES;
				GCC_WARN_UNUSED_VARIABLE = YES;
				IPHONEOS_DEPLOYMENT_TARGET = 7.0;
				ONLY_ACTIVE_ARCH = YES;
				SDKROOT = iphoneos;
			};
			name = Debug;
		};
		B5B44670180AB78E009ADEF9 /* Release */ = {
			isa = XCBuildConfiguration;
			buildSettings = {
				ALWAYS_SEARCH_USER_PATHS = NO;
				ARCHS = "$(ARCHS_STANDARD_INCLUDING_64_BIT)";
				CLANG_CXX_LANGUAGE_STANDARD = "gnu++0x";
				CLANG_CXX_LIBRARY = "libc++";
				CLANG_ENABLE_MODULES = YES;
				CLANG_ENABLE_OBJC_ARC = YES;
				CLANG_WARN_BOOL_CONVERSION = YES;
				CLANG_WARN_CONSTANT_CONVERSION = YES;
				CLANG_WARN_DIRECT_OBJC_ISA_USAGE = YES_ERROR;
				CLANG_WARN_EMPTY_BODY = YES;
				CLANG_WARN_ENUM_CONVERSION = YES;
				CLANG_WARN_INT_CONVERSION = YES;
				CLANG_WARN_OBJC_ROOT_CLASS = YES_ERROR;
				CLANG_WARN__DUPLICATE_METHOD_MATCH = YES;
				"CODE_SIGN_IDENTITY[sdk=iphoneos*]" = "iPhone Developer";
				COPY_PHASE_STRIP = YES;
				ENABLE_NS_ASSERTIONS = NO;
				GCC_C_LANGUAGE_STANDARD = gnu99;
				GCC_WARN_64_TO_32_BIT_CONVERSION = YES;
				GCC_WARN_ABOUT_RETURN_TYPE = YES_ERROR;
				GCC_WARN_UNDECLARED_SELECTOR = YES;
				GCC_WARN_UNINITIALIZED_AUTOS = YES;
				GCC_WARN_UNUSED_FUNCTION = YES;
				GCC_WARN_UNUSED_VARIABLE = YES;
				IPHONEOS_DEPLOYMENT_TARGET = 7.0;
				SDKROOT = iphoneos;
				VALIDATE_PRODUCT = YES;
			};
			name = Release;
		};
/* End XCBuildConfiguration section */

/* Begin XCConfigurationList section */
		B54173271894341600B6636B /* Build configuration list for PBXNativeTarget "Nodelike Tests" */ = {
			isa = XCConfigurationList;
			buildConfigurations = (
				B54173281894341600B6636B /* Debug */,
				B54173291894341600B6636B /* Release */,
			);
			defaultConfigurationIsVisible = 0;
			defaultConfigurationName = Release;
		};
		B54C1F6E180D37280051F826 /* Build configuration list for PBXNativeTarget "uv" */ = {
			isa = XCConfigurationList;
			buildConfigurations = (
				B54C1F6F180D37280051F826 /* Debug */,
				B54C1F70180D37280051F826 /* Release */,
			);
			defaultConfigurationIsVisible = 0;
			defaultConfigurationName = Release;
		};
		B59EA0AA180CB588005BF5C1 /* Build configuration list for PBXNativeTarget "Nodelike" */ = {
			isa = XCConfigurationList;
			buildConfigurations = (
				B59EA0AB180CB588005BF5C1 /* Debug */,
				B59EA0AC180CB588005BF5C1 /* Release */,
			);
			defaultConfigurationIsVisible = 0;
			defaultConfigurationName = Release;
		};
		B5B4463A180AB78E009ADEF9 /* Build configuration list for PBXProject "Nodelike" */ = {
			isa = XCConfigurationList;
			buildConfigurations = (
				B5B4466F180AB78E009ADEF9 /* Debug */,
				B5B44670180AB78E009ADEF9 /* Release */,
			);
			defaultConfigurationIsVisible = 0;
			defaultConfigurationName = Release;
		};
/* End XCConfigurationList section */
	};
	rootObject = B5B44637180AB78E009ADEF9 /* Project object */;
}
